<?xml version="1.0" encoding="utf-8"?>
<Project ToolsVersion="4.0" xmlns="http://schemas.microsoft.com/developer/msbuild/2003">
  <ItemGroup>
    <Filter Include="Source Files">
      <UniqueIdentifier>{4FC737F1-C7A5-4376-A066-2A32D752A2FF}</UniqueIdentifier>
      <Extensions>cpp;c;cc;cxx;c++;cppm;ixx;def;odl;idl;hpj;bat;asm;asmx</Extensions>
    </Filter>
    <Filter Include="Header Files">
      <UniqueIdentifier>{93995380-89BD-4b04-88EB-625FBE52EBFB}</UniqueIdentifier>
      <Extensions>h;hh;hpp;hxx;h++;hm;inl;inc;ipp;xsd</Extensions>
    </Filter>
    <Filter Include="Resource Files">
      <UniqueIdentifier>{67DA6AB6-F800-4c08-8B7A-83BB121AAD01}</UniqueIdentifier>
      <Extensions>rc;ico;cur;bmp;dlg;rc2;rct;bin;rgs;gif;jpg;jpeg;jpe;resx;tiff;tif;png;wav;mfcribbon-ms</Extensions>
    </Filter>
    <Filter Include="Header Files\Environment">
      <UniqueIdentifier>{89d1cdac-6284-48f8-bd9b-fa7f7adbc2da}</UniqueIdentifier>
    </Filter>
    <Filter Include="Source Files\Environment">
      <UniqueIdentifier>{b56e1926-9cea-4369-aced-800dfd6aac72}</UniqueIdentifier>
    </Filter>
    <Filter Include="Header Files\NeuralNetwork">
      <UniqueIdentifier>{a1d50e7a-f1a6-4218-a5df-f657bcb16f2e}</UniqueIdentifier>
    </Filter>
    <Filter Include="Source Files\NeuralNetwork">
      <UniqueIdentifier>{dab7e9c2-a483-4b56-9e39-ee4c3883eb95}</UniqueIdentifier>
    </Filter>
    <Filter Include="Header Files\Agents">
      <UniqueIdentifier>{09d0df75-8196-4b59-8d52-0d62bb9fd968}</UniqueIdentifier>
    </Filter>
    <Filter Include="Source Files\Agents">
      <UniqueIdentifier>{ff4327ba-c1f2-4e13-9f31-10e9ce5adc13}</UniqueIdentifier>
    </Filter>
    <Filter Include="Header Files\Training">
      <UniqueIdentifier>{53abbfda-1d46-4614-8b62-9d50546401a3}</UniqueIdentifier>
    </Filter>
    <Filter Include="Source Files\Training">
      <UniqueIdentifier>{544fe3d1-996d-4e63-84b3-fbe45492683b}</UniqueIdentifier>
    </Filter>
  </ItemGroup>
  <ItemGroup>
    <ClInclude Include="..\Phase 1 Gridworld DQN\Position.h">
      <Filter>Header Files\Environment</Filter>
    </ClInclude>
    <ClInclude Include="..\Phase 1 Gridworld DQN\GridWorld.h">
      <Filter>Header Files\Environment</Filter>
    </ClInclude>
    <ClInclude Include="NeuralNetwork.h">
      <Filter>Header Files\NeuralNetwork</Filter>
    </ClInclude>
    <ClInclude Include="ReplayBuffer.h">
      <Filter>Header Files\NeuralNetwork</Filter>
    </ClInclude>
    <ClInclude Include="DQNAgent.h">
      <Filter>Header Files\Agents</Filter>
    </ClInclude>
    <ClInclude Include="Trainer.h">
      <Filter>Header Files\Training</Filter>
    </ClInclude>
    <ClInclude Include="QLearningAgent.h">
      <Filter>Header Files\Agents</Filter>
    </ClInclude>
  </ItemGroup>
  <ItemGroup>
    <ClCompile Include="..\Phase 1 Gridworld DQN\GridWorld.cpp">
      <Filter>Source Files\Environment</Filter>
    </ClCompile>
    <ClCompile Include="NeuralNetwork.cpp">
      <Filter>Source Files\NeuralNetwork</Filter>
    </ClCompile>
    <ClCompile Include="ReplayBuffer.cpp">
      <Filter>Source Files\NeuralNetwork</Filter>
    </ClCompile>
    <ClCompile Include="DQNAgent.cpp">
      <Filter>Source Files\Agents</Filter>
    </ClCompile>
    <ClCompile Include="Trainer.cpp">
      <Filter>Source Files\Training</Filter>
    </ClCompile>
    <ClCompile Include="main.cpp">
      <Filter>Source Files</Filter>
    </ClCompile>
    <ClCompile Include="QLearningAgent.cpp">
      <Filter>Source Files\Agents</Filter>
    </ClCompile>
  </ItemGroup>
</Project>